// !$*UTF8*$!
{
	archiveVersion = 1;
	classes = {
	};
	objectVersion = 55;
	objects = {

/* Begin PBXBuildFile section */
		25D5BF8EE14BF7B9F257E106 /* Assets.xcassets in Resources */ = {isa = PBXBuildFile; fileRef = 1E21EBA145785EA407D9A11F /* Assets.xcassets */; };
		3AC91F7DCB514CD63841A67C /* TuistBundle+MovieInfo.swift in Sources */ = {isa = PBXBuildFile; fileRef = E149AA3B7EEFA975B353ACF5 /* TuistBundle+MovieInfo.swift */; };
		48103034BE3419006C106408 /* NetworkKit.framework in Frameworks */ = {isa = PBXBuildFile; fileRef = E5D87DF78F7E4B54D28B22D2 /* NetworkKit.framework */; };
		563D88C704555E6A314F2810 /* AppMain.swift in Sources */ = {isa = PBXBuildFile; fileRef = E6557B12D2D8542361CE9199 /* AppMain.swift */; };
		59B0E16A49F611F7C594245B /* LaunchScreen.storyboard in Resources */ = {isa = PBXBuildFile; fileRef = A5689D726CC085C47F19C68C /* LaunchScreen.storyboard */; };
		9D6EFB2444307B7C16B24DCF /* NetworkKit.framework in Embed Frameworks */ = {isa = PBXBuildFile; fileRef = E5D87DF78F7E4B54D28B22D2 /* NetworkKit.framework */; settings = {ATTRIBUTES = (CodeSignOnCopy, RemoveHeadersOnCopy, ); }; };
		A7747E16E8F67689820F2267 /* TuistAssets+MovieInfo.swift in Sources */ = {isa = PBXBuildFile; fileRef = E711384351018830F6236034 /* TuistAssets+MovieInfo.swift */; };
		BABFB39E33751BBA34EABA2E /* MovieListViewModelTests.swift in Sources */ = {isa = PBXBuildFile; fileRef = 67F499607B4C65331624FA87 /* MovieListViewModelTests.swift */; };
		C4A6ADACC8C34EF153F413D5 /* MovieListViewModel.swift in Sources */ = {isa = PBXBuildFile; fileRef = A4272D94B4F9CEBBFA9421FC /* MovieListViewModel.swift */; };
		EAD6959874320BCA571AE1B1 /* ContentView.swift in Sources */ = {isa = PBXBuildFile; fileRef = 9D6758E150CA7A4553908523 /* ContentView.swift */; };
/* End PBXBuildFile section */

/* Begin PBXContainerItemProxy section */
		7B8F6799DEFB7F1903A7CCB7 /* PBXContainerItemProxy */ = {
			isa = PBXContainerItemProxy;
			containerPortal = C5839C5C1EE068A6336F81F1 /* Project object */;
			proxyType = 1;
			remoteGlobalIDString = BF12C99CAF94134209C82C3E;
			remoteInfo = MovieInfo;
		};
/* End PBXContainerItemProxy section */

/* Begin PBXCopyFilesBuildPhase section */
		2729B29BB15B9A0F39238676 /* Embed Frameworks */ = {
			isa = PBXCopyFilesBuildPhase;
			buildActionMask = 2147483647;
			dstPath = "";
			dstSubfolderSpec = 10;
			files = (
				9D6EFB2444307B7C16B24DCF /* NetworkKit.framework in Embed Frameworks */,
			);
			name = "Embed Frameworks";
			runOnlyForDeploymentPostprocessing = 0;
		};
		D53B2F4CD2460A87545E68ED /* Embed Frameworks */ = {
			isa = PBXCopyFilesBuildPhase;
			buildActionMask = 2147483647;
			dstPath = "";
			dstSubfolderSpec = 10;
			files = (
			);
			name = "Embed Frameworks";
			runOnlyForDeploymentPostprocessing = 0;
		};
/* End PBXCopyFilesBuildPhase section */

/* Begin PBXFileReference section */
		1E21EBA145785EA407D9A11F /* Assets.xcassets */ = {isa = PBXFileReference; lastKnownFileType = folder.assetcatalog; path = Assets.xcassets; sourceTree = "<group>"; };
		6231B06DE1746CDD29BBB47D /* Info.plist */ = {isa = PBXFileReference; lastKnownFileType = text.plist; path = Info.plist; sourceTree = "<group>"; };
		67F499607B4C65331624FA87 /* MovieListViewModelTests.swift */ = {isa = PBXFileReference; lastKnownFileType = sourcecode.swift; path = MovieListViewModelTests.swift; sourceTree = "<group>"; };
		69433A07A42BA5D71098ACC0 /* Info.plist */ = {isa = PBXFileReference; lastKnownFileType = text.plist; path = Info.plist; sourceTree = "<group>"; };
		7D401F0E7E49AD70233599B4 /* MovieInfo-Target.xcconfig */ = {isa = PBXFileReference; lastKnownFileType = text.xcconfig; path = "MovieInfo-Target.xcconfig"; sourceTree = "<group>"; };
		8EA9EA969F5DDEF73F2E6634 /* MovieInfo.app */ = {isa = PBXFileReference; explicitFileType = wrapper.application; includeInIndex = 0; path = MovieInfo.app; sourceTree = BUILT_PRODUCTS_DIR; };
		973A5EFCAFB00CFCC45309F4 /* MovieInfo-Project.xcconfig */ = {isa = PBXFileReference; lastKnownFileType = text.xcconfig; path = "MovieInfo-Project.xcconfig"; sourceTree = "<group>"; };
		9900641BAE69C6475E860CF0 /* Base */ = {isa = PBXFileReference; lastKnownFileType = file.storyboard; name = Base; path = Base.lproj/LaunchScreen.storyboard; sourceTree = "<group>"; };
		9D6758E150CA7A4553908523 /* ContentView.swift */ = {isa = PBXFileReference; lastKnownFileType = sourcecode.swift; path = ContentView.swift; sourceTree = "<group>"; };
		A4272D94B4F9CEBBFA9421FC /* MovieListViewModel.swift */ = {isa = PBXFileReference; lastKnownFileType = sourcecode.swift; path = MovieListViewModel.swift; sourceTree = "<group>"; };
		E149AA3B7EEFA975B353ACF5 /* TuistBundle+MovieInfo.swift */ = {isa = PBXFileReference; lastKnownFileType = sourcecode.swift; path = "TuistBundle+MovieInfo.swift"; sourceTree = "<group>"; };
		E5D87DF78F7E4B54D28B22D2 /* NetworkKit.framework */ = {isa = PBXFileReference; explicitFileType = wrapper.framework; includeInIndex = 0; path = NetworkKit.framework; sourceTree = BUILT_PRODUCTS_DIR; };
		E6557B12D2D8542361CE9199 /* AppMain.swift */ = {isa = PBXFileReference; lastKnownFileType = sourcecode.swift; path = AppMain.swift; sourceTree = "<group>"; };
		E711384351018830F6236034 /* TuistAssets+MovieInfo.swift */ = {isa = PBXFileReference; lastKnownFileType = sourcecode.swift; path = "TuistAssets+MovieInfo.swift"; sourceTree = "<group>"; };
		E793C5B31297B33CABA94027 /* MovieInfoTests.xctest */ = {isa = PBXFileReference; explicitFileType = wrapper.cfbundle; includeInIndex = 0; path = MovieInfoTests.xctest; sourceTree = BUILT_PRODUCTS_DIR; };
/* End PBXFileReference section */

/* Begin PBXFrameworksBuildPhase section */
		09DCDE925FA119F23EA9D408 /* Frameworks */ = {
			isa = PBXFrameworksBuildPhase;
			buildActionMask = 2147483647;
			files = (
				48103034BE3419006C106408 /* NetworkKit.framework in Frameworks */,
			);
			runOnlyForDeploymentPostprocessing = 0;
		};
		31261BA2E397EBB40D9FA578 /* Frameworks */ = {
			isa = PBXFrameworksBuildPhase;
			buildActionMask = 2147483647;
			files = (
			);
			runOnlyForDeploymentPostprocessing = 0;
		};
/* End PBXFrameworksBuildPhase section */

/* Begin PBXGroup section */
		0129F50C63CD8441172263FA /* xcconfigs */ = {
			isa = PBXGroup;
			children = (
				973A5EFCAFB00CFCC45309F4 /* MovieInfo-Project.xcconfig */,
				7D401F0E7E49AD70233599B4 /* MovieInfo-Target.xcconfig */,
			);
			path = xcconfigs;
			sourceTree = "<group>";
		};
		0810C78DE7462A82B3ACAE60 /* Source */ = {
			isa = PBXGroup;
			children = (
				5706012670E9FB7DF8A01265 /* App */,
				F137E5553D43EC06D443AE89 /* ViewModel */,
				94F612345C9C55E53B5AA1D9 /* Views */,
			);
			path = Source;
			sourceTree = "<group>";
		};
		36DF8B29B83F2673FC24F8F3 = {
			isa = PBXGroup;
			children = (
				921C26FE390351992F6A1943 /* Project */,
				904AF7DC1FF1951ECBEF255A /* Products */,
			);
			sourceTree = "<group>";
		};
		5706012670E9FB7DF8A01265 /* App */ = {
			isa = PBXGroup;
			children = (
				E6557B12D2D8542361CE9199 /* AppMain.swift */,
			);
			path = App;
			sourceTree = "<group>";
		};
		5FF18197352471818D5A7A27 /* Derived */ = {
			isa = PBXGroup;
			children = (
				6F4590AA143D90FC46870185 /* Sources */,
			);
			path = Derived;
			sourceTree = "<group>";
		};
		6367FBF7D11ACB9697B46045 /* Resources */ = {
			isa = PBXGroup;
			children = (
				A5689D726CC085C47F19C68C /* LaunchScreen.storyboard */,
				1E21EBA145785EA407D9A11F /* Assets.xcassets */,
			);
			path = Resources;
			sourceTree = "<group>";
		};
		6F4590AA143D90FC46870185 /* Sources */ = {
			isa = PBXGroup;
			children = (
				E711384351018830F6236034 /* TuistAssets+MovieInfo.swift */,
				E149AA3B7EEFA975B353ACF5 /* TuistBundle+MovieInfo.swift */,
			);
			path = Sources;
			sourceTree = "<group>";
		};
		904AF7DC1FF1951ECBEF255A /* Products */ = {
			isa = PBXGroup;
			children = (
				8EA9EA969F5DDEF73F2E6634 /* MovieInfo.app */,
				E793C5B31297B33CABA94027 /* MovieInfoTests.xctest */,
				E5D87DF78F7E4B54D28B22D2 /* NetworkKit.framework */,
			);
			name = Products;
			sourceTree = "<group>";
		};
		921C26FE390351992F6A1943 /* Project */ = {
			isa = PBXGroup;
			children = (
				5FF18197352471818D5A7A27 /* Derived */,
				A8752B53E3138809962302FB /* MovieInfo */,
				E5BCC79BAB8C9A6021C7CE05 /* MovieInfoTests */,
				0129F50C63CD8441172263FA /* xcconfigs */,
			);
			name = Project;
			sourceTree = "<group>";
		};
		94F612345C9C55E53B5AA1D9 /* Views */ = {
			isa = PBXGroup;
			children = (
				9D6758E150CA7A4553908523 /* ContentView.swift */,
			);
			path = Views;
			sourceTree = "<group>";
		};
		A8752B53E3138809962302FB /* MovieInfo */ = {
			isa = PBXGroup;
			children = (
				6367FBF7D11ACB9697B46045 /* Resources */,
				0810C78DE7462A82B3ACAE60 /* Source */,
				6231B06DE1746CDD29BBB47D /* Info.plist */,
			);
			path = MovieInfo;
			sourceTree = "<group>";
		};
		DD977495A97FD96FDCB19B5E /* Source */ = {
			isa = PBXGroup;
			children = (
				67F499607B4C65331624FA87 /* MovieListViewModelTests.swift */,
			);
			path = Source;
			sourceTree = "<group>";
		};
		E5BCC79BAB8C9A6021C7CE05 /* MovieInfoTests */ = {
			isa = PBXGroup;
			children = (
				F3B0429CCC1D34A4E5446CDE /* Resources */,
				DD977495A97FD96FDCB19B5E /* Source */,
			);
			path = MovieInfoTests;
			sourceTree = "<group>";
		};
		F137E5553D43EC06D443AE89 /* ViewModel */ = {
			isa = PBXGroup;
			children = (
				A4272D94B4F9CEBBFA9421FC /* MovieListViewModel.swift */,
			);
			path = ViewModel;
			sourceTree = "<group>";
		};
		F3B0429CCC1D34A4E5446CDE /* Resources */ = {
			isa = PBXGroup;
			children = (
				69433A07A42BA5D71098ACC0 /* Info.plist */,
			);
			path = Resources;
			sourceTree = "<group>";
		};
/* End PBXGroup section */

/* Begin PBXNativeTarget section */
		8DA359C84A6905CB650D9235 /* MovieInfoTests */ = {
			isa = PBXNativeTarget;
			buildConfigurationList = FD2326E27B952F64B22F6150 /* Build configuration list for PBXNativeTarget "MovieInfoTests" */;
			buildPhases = (
				59B86BBBB9AAD26AE497C303 /* Sources */,
				B9F6349DD4143F93687A97E0 /* Resources */,
				D53B2F4CD2460A87545E68ED /* Embed Frameworks */,
				31261BA2E397EBB40D9FA578 /* Frameworks */,
			);
			buildRules = (
			);
			dependencies = (
				393B4602DC859D7384414C7A /* PBXTargetDependency */,
			);
			name = MovieInfoTests;
			productName = MovieInfoTests;
			productReference = E793C5B31297B33CABA94027 /* MovieInfoTests.xctest */;
			productType = "com.apple.product-type.bundle.unit-test";
		};
		BF12C99CAF94134209C82C3E /* MovieInfo */ = {
			isa = PBXNativeTarget;
			buildConfigurationList = A2D6D69EFC2EDEAA1CE23432 /* Build configuration list for PBXNativeTarget "MovieInfo" */;
			buildPhases = (
				39B2BFBA402D740769B25231 /* Sources */,
				C159B51B27FC81E1C62EE8A6 /* Resources */,
				2729B29BB15B9A0F39238676 /* Embed Frameworks */,
				09DCDE925FA119F23EA9D408 /* Frameworks */,
			);
			buildRules = (
			);
			dependencies = (
			);
			name = MovieInfo;
			productName = MovieInfo;
			productReference = 8EA9EA969F5DDEF73F2E6634 /* MovieInfo.app */;
			productType = "com.apple.product-type.application";
		};
/* End PBXNativeTarget section */

/* Begin PBXProject section */
		C5839C5C1EE068A6336F81F1 /* Project object */ = {
			isa = PBXProject;
			attributes = {
				BuildIndependentTargetsInParallel = YES;
				TargetAttributes = {
					8DA359C84A6905CB650D9235 = {
						TestTargetID = BF12C99CAF94134209C82C3E;
					};
				};
			};
			buildConfigurationList = F9A2AA2EB96847FB8710F518 /* Build configuration list for PBXProject "MovieInfo-Tuist" */;
			compatibilityVersion = "Xcode 14.0";
			developmentRegion = en;
			hasScannedForEncodings = 0;
			knownRegions = (
				Base,
				en,
			);
			mainGroup = 36DF8B29B83F2673FC24F8F3;
			productRefGroup = 904AF7DC1FF1951ECBEF255A /* Products */;
			projectDirPath = "";
			projectRoot = "";
			targets = (
				BF12C99CAF94134209C82C3E /* MovieInfo */,
				8DA359C84A6905CB650D9235 /* MovieInfoTests */,
			);
		};
/* End PBXProject section */

/* Begin PBXResourcesBuildPhase section */
		B9F6349DD4143F93687A97E0 /* Resources */ = {
			isa = PBXResourcesBuildPhase;
			buildActionMask = 2147483647;
			files = (
			);
			runOnlyForDeploymentPostprocessing = 0;
		};
		C159B51B27FC81E1C62EE8A6 /* Resources */ = {
			isa = PBXResourcesBuildPhase;
			buildActionMask = 2147483647;
			files = (
				25D5BF8EE14BF7B9F257E106 /* Assets.xcassets in Resources */,
				59B0E16A49F611F7C594245B /* LaunchScreen.storyboard in Resources */,
			);
			runOnlyForDeploymentPostprocessing = 0;
		};
/* End PBXResourcesBuildPhase section */

/* Begin PBXSourcesBuildPhase section */
		39B2BFBA402D740769B25231 /* Sources */ = {
			isa = PBXSourcesBuildPhase;
			buildActionMask = 2147483647;
			files = (
				A7747E16E8F67689820F2267 /* TuistAssets+MovieInfo.swift in Sources */,
				3AC91F7DCB514CD63841A67C /* TuistBundle+MovieInfo.swift in Sources */,
				563D88C704555E6A314F2810 /* AppMain.swift in Sources */,
				C4A6ADACC8C34EF153F413D5 /* MovieListViewModel.swift in Sources */,
				EAD6959874320BCA571AE1B1 /* ContentView.swift in Sources */,
			);
			runOnlyForDeploymentPostprocessing = 0;
		};
		59B86BBBB9AAD26AE497C303 /* Sources */ = {
			isa = PBXSourcesBuildPhase;
			buildActionMask = 2147483647;
			files = (
				BABFB39E33751BBA34EABA2E /* MovieListViewModelTests.swift in Sources */,
			);
			runOnlyForDeploymentPostprocessing = 0;
		};
/* End PBXSourcesBuildPhase section */

/* Begin PBXTargetDependency section */
		393B4602DC859D7384414C7A /* PBXTargetDependency */ = {
			isa = PBXTargetDependency;
			name = MovieInfo;
			target = BF12C99CAF94134209C82C3E /* MovieInfo */;
			targetProxy = 7B8F6799DEFB7F1903A7CCB7 /* PBXContainerItemProxy */;
		};
/* End PBXTargetDependency section */

/* Begin PBXVariantGroup section */
		A5689D726CC085C47F19C68C /* LaunchScreen.storyboard */ = {
			isa = PBXVariantGroup;
			children = (
				9900641BAE69C6475E860CF0 /* Base */,
			);
			name = LaunchScreen.storyboard;
			sourceTree = "<group>";
		};
/* End PBXVariantGroup section */

/* Begin XCBuildConfiguration section */
		0AF3AA882E340B74B4DDC641 /* Release */ = {
			isa = XCBuildConfiguration;
			baseConfigurationReference = 7D401F0E7E49AD70233599B4 /* MovieInfo-Target.xcconfig */;
			buildSettings = {
				ASSETCATALOG_COMPILER_APPICON_NAME = AppIcon;
				CODE_SIGN_IDENTITY = "iPhone Developer";
				ENABLE_PREVIEWS = YES;
				INFOPLIST_FILE = MovieInfo/Info.plist;
				LD_RUNPATH_SEARCH_PATHS = (
					"$(inherited)",
					"@executable_path/Frameworks",
				);
				PRODUCT_BUNDLE_IDENTIFIER = io.tuist.MovieInfo;
				PRODUCT_NAME = MovieInfo;
				SDKROOT = iphoneos;
				SUPPORTS_MACCATALYST = NO;
				SUPPORTS_MAC_DESIGNED_FOR_IPHONE_IPAD = YES;
				SUPPORTS_XR_DESIGNED_FOR_IPHONE_IPAD = NO;
				SWIFT_ACTIVE_COMPILATION_CONDITIONS = (
					"$(inherited)",
					DEBUG,
				);
				SWIFT_COMPILATION_MODE = singlefile;
				SWIFT_OPTIMIZATION_LEVEL = "-Onone";
				SWIFT_VERSION = 5.0;
				TARGETED_DEVICE_FAMILY = "1,2";
			};
			name = Release;
		};
		3861500AD4E7526A0FEB6155 /* Debug */ = {
			isa = XCBuildConfiguration;
			baseConfigurationReference = 7D401F0E7E49AD70233599B4 /* MovieInfo-Target.xcconfig */;
			buildSettings = {
				ASSETCATALOG_COMPILER_APPICON_NAME = AppIcon;
				CODE_SIGN_IDENTITY = "iPhone Developer";
				ENABLE_PREVIEWS = YES;
				INFOPLIST_FILE = MovieInfo/Info.plist;
				LD_RUNPATH_SEARCH_PATHS = (
					"$(inherited)",
					"@executable_path/Frameworks",
				);
				PRODUCT_BUNDLE_IDENTIFIER = io.tuist.MovieInfo;
				PRODUCT_NAME = MovieInfo;
				SDKROOT = iphoneos;
				SUPPORTS_MACCATALYST = NO;
				SUPPORTS_MAC_DESIGNED_FOR_IPHONE_IPAD = YES;
				SUPPORTS_XR_DESIGNED_FOR_IPHONE_IPAD = NO;
				SWIFT_ACTIVE_COMPILATION_CONDITIONS = (
					"$(inherited)",
					DEBUG,
				);
				SWIFT_COMPILATION_MODE = singlefile;
				SWIFT_OPTIMIZATION_LEVEL = "-Onone";
				SWIFT_VERSION = 5.0;
				TARGETED_DEVICE_FAMILY = "1,2";
			};
			name = Debug;
		};
		81C8E78503CE342297592C01 /* Release */ = {
			isa = XCBuildConfiguration;
			baseConfigurationReference = 973A5EFCAFB00CFCC45309F4 /* MovieInfo-Project.xcconfig */;
			buildSettings = {
				ALWAYS_SEARCH_USER_PATHS = NO;
				CLANG_ANALYZER_LOCALIZABILITY_NONLOCALIZED = YES;
				CLANG_ANALYZER_NONNULL = YES;
				CLANG_ANALYZER_NUMBER_OBJECT_CONVERSION = YES_AGGRESSIVE;
				CLANG_CXX_LANGUAGE_STANDARD = "gnu++14";
				CLANG_CXX_LIBRARY = "libc++";
				CLANG_ENABLE_MODULES = YES;
				CLANG_ENABLE_OBJC_ARC = YES;
				CLANG_ENABLE_OBJC_WEAK = YES;
				CLANG_WARN_BLOCK_CAPTURE_AUTORELEASING = YES;
				CLANG_WARN_BOOL_CONVERSION = YES;
				CLANG_WARN_COMMA = YES;
				CLANG_WARN_CONSTANT_CONVERSION = YES;
				CLANG_WARN_DEPRECATED_OBJC_IMPLEMENTATIONS = YES;
				CLANG_WARN_DIRECT_OBJC_ISA_USAGE = YES_ERROR;
				CLANG_WARN_DOCUMENTATION_COMMENTS = YES;
				CLANG_WARN_EMPTY_BODY = YES;
				CLANG_WARN_ENUM_CONVERSION = YES;
				CLANG_WARN_INFINITE_RECURSION = YES;
				CLANG_WARN_INT_CONVERSION = YES;
				CLANG_WARN_NON_LITERAL_NULL_CONVERSION = YES;
				CLANG_WARN_OBJC_IMPLICIT_RETAIN_SELF = YES;
				CLANG_WARN_OBJC_LITERAL_CONVERSION = YES;
				CLANG_WARN_OBJC_ROOT_CLASS = YES_ERROR;
				CLANG_WARN_QUOTED_INCLUDE_IN_FRAMEWORK_HEADER = YES;
				CLANG_WARN_RANGE_LOOP_ANALYSIS = YES;
				CLANG_WARN_STRICT_PROTOTYPES = YES;
				CLANG_WARN_SUSPICIOUS_MOVE = YES;
				CLANG_WARN_UNGUARDED_AVAILABILITY = YES_AGGRESSIVE;
				CLANG_WARN_UNREACHABLE_CODE = YES;
				CLANG_WARN__DUPLICATE_METHOD_MATCH = YES;
				COPY_PHASE_STRIP = NO;
				DEAD_CODE_STRIPPING = YES;
				DEBUG_INFORMATION_FORMAT = dwarf;
				ENABLE_STRICT_OBJC_MSGSEND = YES;
				ENABLE_TESTABILITY = YES;
				GCC_C_LANGUAGE_STANDARD = gnu11;
				GCC_DYNAMIC_NO_PIC = NO;
				GCC_NO_COMMON_BLOCKS = YES;
				GCC_OPTIMIZATION_LEVEL = 0;
				GCC_PREPROCESSOR_DEFINITIONS = (
					"DEBUG=1",
					"$(inherited)",
				);
				GCC_WARN_64_TO_32_BIT_CONVERSION = YES;
				GCC_WARN_ABOUT_RETURN_TYPE = YES_ERROR;
				GCC_WARN_UNDECLARED_SELECTOR = YES;
				GCC_WARN_UNINITIALIZED_AUTOS = YES_AGGRESSIVE;
				GCC_WARN_UNUSED_FUNCTION = YES;
				GCC_WARN_UNUSED_VARIABLE = YES;
				MTL_ENABLE_DEBUG_INFO = YES;
				ONLY_ACTIVE_ARCH = YES;
				PRODUCT_NAME = "$(TARGET_NAME)";
			};
			name = Release;
		};
		A95F11D71FBB2672A273B8CF /* Debug */ = {
			isa = XCBuildConfiguration;
			baseConfigurationReference = 973A5EFCAFB00CFCC45309F4 /* MovieInfo-Project.xcconfig */;
			buildSettings = {
				ALWAYS_SEARCH_USER_PATHS = NO;
				CLANG_ANALYZER_LOCALIZABILITY_NONLOCALIZED = YES;
				CLANG_ANALYZER_NONNULL = YES;
				CLANG_ANALYZER_NUMBER_OBJECT_CONVERSION = YES_AGGRESSIVE;
				CLANG_CXX_LANGUAGE_STANDARD = "gnu++14";
				CLANG_CXX_LIBRARY = "libc++";
				CLANG_ENABLE_MODULES = YES;
				CLANG_ENABLE_OBJC_ARC = YES;
				CLANG_ENABLE_OBJC_WEAK = YES;
				CLANG_WARN_BLOCK_CAPTURE_AUTORELEASING = YES;
				CLANG_WARN_BOOL_CONVERSION = YES;
				CLANG_WARN_COMMA = YES;
				CLANG_WARN_CONSTANT_CONVERSION = YES;
				CLANG_WARN_DEPRECATED_OBJC_IMPLEMENTATIONS = YES;
				CLANG_WARN_DIRECT_OBJC_ISA_USAGE = YES_ERROR;
				CLANG_WARN_DOCUMENTATION_COMMENTS = YES;
				CLANG_WARN_EMPTY_BODY = YES;
				CLANG_WARN_ENUM_CONVERSION = YES;
				CLANG_WARN_INFINITE_RECURSION = YES;
				CLANG_WARN_INT_CONVERSION = YES;
				CLANG_WARN_NON_LITERAL_NULL_CONVERSION = YES;
				CLANG_WARN_OBJC_IMPLICIT_RETAIN_SELF = YES;
				CLANG_WARN_OBJC_LITERAL_CONVERSION = YES;
				CLANG_WARN_OBJC_ROOT_CLASS = YES_ERROR;
				CLANG_WARN_QUOTED_INCLUDE_IN_FRAMEWORK_HEADER = YES;
				CLANG_WARN_RANGE_LOOP_ANALYSIS = YES;
				CLANG_WARN_STRICT_PROTOTYPES = YES;
				CLANG_WARN_SUSPICIOUS_MOVE = YES;
				CLANG_WARN_UNGUARDED_AVAILABILITY = YES_AGGRESSIVE;
				CLANG_WARN_UNREACHABLE_CODE = YES;
				CLANG_WARN__DUPLICATE_METHOD_MATCH = YES;
				COPY_PHASE_STRIP = NO;
				DEAD_CODE_STRIPPING = YES;
				DEBUG_INFORMATION_FORMAT = dwarf;
				ENABLE_STRICT_OBJC_MSGSEND = YES;
				ENABLE_TESTABILITY = YES;
				GCC_C_LANGUAGE_STANDARD = gnu11;
				GCC_DYNAMIC_NO_PIC = NO;
				GCC_NO_COMMON_BLOCKS = YES;
				GCC_OPTIMIZATION_LEVEL = 0;
				GCC_PREPROCESSOR_DEFINITIONS = (
					"DEBUG=1",
					"$(inherited)",
				);
				GCC_WARN_64_TO_32_BIT_CONVERSION = YES;
				GCC_WARN_ABOUT_RETURN_TYPE = YES_ERROR;
				GCC_WARN_UNDECLARED_SELECTOR = YES;
				GCC_WARN_UNINITIALIZED_AUTOS = YES_AGGRESSIVE;
				GCC_WARN_UNUSED_FUNCTION = YES;
				GCC_WARN_UNUSED_VARIABLE = YES;
				MTL_ENABLE_DEBUG_INFO = YES;
				ONLY_ACTIVE_ARCH = YES;
				PRODUCT_NAME = "$(TARGET_NAME)";
			};
			name = Debug;
		};
		CFC01C3BD55D379EC891DB2B /* Debug */ = {
			isa = XCBuildConfiguration;
			buildSettings = {
				BUNDLE_LOADER = "$(TEST_HOST)";
				CODE_SIGN_IDENTITY = "iPhone Developer";
				INFOPLIST_FILE = MovieInfoTests/Resources/Info.plist;
				LD_RUNPATH_SEARCH_PATHS = (
					"$(inherited)",
					"@executable_path/Frameworks",
					"@loader_path/Frameworks",
				);
				PRODUCT_BUNDLE_IDENTIFIER = io.tuist.MovieInfoTests;
				PRODUCT_NAME = MovieInfoTests;
				SDKROOT = iphoneos;
				SUPPORTS_MACCATALYST = NO;
				SUPPORTS_MAC_DESIGNED_FOR_IPHONE_IPAD = YES;
				SUPPORTS_XR_DESIGNED_FOR_IPHONE_IPAD = NO;
				SWIFT_ACTIVE_COMPILATION_CONDITIONS = (
					"$(inherited)",
					DEBUG,
				);
				SWIFT_COMPILATION_MODE = singlefile;
				SWIFT_OPTIMIZATION_LEVEL = "-Onone";
				SWIFT_VERSION = 5.0;
				TARGETED_DEVICE_FAMILY = "1,2";
				TEST_HOST = "$(BUILT_PRODUCTS_DIR)/MovieInfo.app/$(BUNDLE_EXECUTABLE_FOLDER_PATH)/MovieInfo";
				TEST_TARGET_NAME = MovieInfo;
			};
			name = Debug;
		};
		F799B787F270EBFC03845AFC /* Release */ = {
			isa = XCBuildConfiguration;
			buildSettings = {
				BUNDLE_LOADER = "$(TEST_HOST)";
				CODE_SIGN_IDENTITY = "iPhone Developer";
				INFOPLIST_FILE = MovieInfoTests/Resources/Info.plist;
				LD_RUNPATH_SEARCH_PATHS = (
					"$(inherited)",
					"@executable_path/Frameworks",
					"@loader_path/Frameworks",
				);
				PRODUCT_BUNDLE_IDENTIFIER = io.tuist.MovieInfoTests;
				PRODUCT_NAME = MovieInfoTests;
				SDKROOT = iphoneos;
				SUPPORTS_MACCATALYST = NO;
				SUPPORTS_MAC_DESIGNED_FOR_IPHONE_IPAD = YES;
				SUPPORTS_XR_DESIGNED_FOR_IPHONE_IPAD = NO;
				SWIFT_ACTIVE_COMPILATION_CONDITIONS = (
					"$(inherited)",
					DEBUG,
				);
				SWIFT_COMPILATION_MODE = singlefile;
				SWIFT_OPTIMIZATION_LEVEL = "-Onone";
				SWIFT_VERSION = 5.0;
				TARGETED_DEVICE_FAMILY = "1,2";
				TEST_HOST = "$(BUILT_PRODUCTS_DIR)/MovieInfo.app/$(BUNDLE_EXECUTABLE_FOLDER_PATH)/MovieInfo";
				TEST_TARGET_NAME = MovieInfo;
			};
			name = Release;
		};
/* End XCBuildConfiguration section */

/* Begin XCConfigurationList section */
		A2D6D69EFC2EDEAA1CE23432 /* Build configuration list for PBXNativeTarget "MovieInfo" */ = {
			isa = XCConfigurationList;
			buildConfigurations = (
				3861500AD4E7526A0FEB6155 /* Debug */,
				0AF3AA882E340B74B4DDC641 /* Release */,
			);
			defaultConfigurationIsVisible = 0;
			defaultConfigurationName = Debug;
		};
		F9A2AA2EB96847FB8710F518 /* Build configuration list for PBXProject "MovieInfo-Tuist" */ = {
			isa = XCConfigurationList;
			buildConfigurations = (
				A95F11D71FBB2672A273B8CF /* Debug */,
				81C8E78503CE342297592C01 /* Release */,
			);
			defaultConfigurationIsVisible = 0;
			defaultConfigurationName = Debug;
		};
		FD2326E27B952F64B22F6150 /* Build configuration list for PBXNativeTarget "MovieInfoTests" */ = {
			isa = XCConfigurationList;
			buildConfigurations = (
				CFC01C3BD55D379EC891DB2B /* Debug */,
				F799B787F270EBFC03845AFC /* Release */,
			);
			defaultConfigurationIsVisible = 0;
			defaultConfigurationName = Debug;
		};
/* End XCConfigurationList section */
	};
	rootObject = C5839C5C1EE068A6336F81F1 /* Project object */;
}
